PODS:
  - ReachabilitySwift (4.1.0)
  - RxCocoa (4.2.0):
    - RxSwift (~> 4.0)
  - RxSwift (4.2.0)
  - SwiftyMarkdown (0.5.1)
  - UICircularProgressRing (3.0.0)

DEPENDENCIES:
  - ReachabilitySwift
  - RxCocoa (~> 4.0)
  - RxSwift (~> 4.0)
  - SwiftyMarkdown
  - UICircularProgressRing (~> 3.0)

SPEC CHECKSUMS:
  ReachabilitySwift: 6849231cd4e06559f3b9ef4a97a0a0f96d41e09f
  RxCocoa: 0b54909c902e1e581212a03e690bbd94032d8baa
  RxSwift: 99e10317ddfcc7fbe01356aafd118fde4a0be104
  SwiftyMarkdown: 743af3e87931391bc4836b825fec3d98785b2e3a
  UICircularProgressRing: 3b472692ffca84060fd444ea5c0b387161067c54

PODFILE CHECKSUM: 153591081dad1c310b1072b92c269f4eaf091d58

COCOAPODS: 1.4.0
